// !$*UTF8*$!
{
	archiveVersion = 1;
	classes = {
	};
	objectVersion = 77;
	objects = {

/* Begin PBXBuildFile section */
		5B5FC8352F648F8E00532B15 /* BlueberryCamCapture.appex in Embed ExtensionKit Extensions */ = {isa = PBXBuildFile; fileRef = 5B5FC82C2F648F8E00532B15 /* BlueberryCamCapture.appex */; settings = {ATTRIBUTES = (RemoveHeadersOnCopy, ); }; };
		5B5FC84C2F64AC3800532B15 /* LockedCameraCapture.framework in Frameworks */ = {isa = PBXBuildFile; fileRef = 5B5FC84B2F64AC3800532B15 /* LockedCameraCapture.framework */; };
		5B5FC8532F64B32E00532B15 /* WidgetKit.framework in Frameworks */ = {isa = PBXBuildFile; fileRef = 5B5FC8522F64B32E00532B15 /* WidgetKit.framework */; };
		5B5FC8552F64B32E00532B15 /* SwiftUI.framework in Frameworks */ = {isa = PBXBuildFile; fileRef = 5B5FC8542F64B32E00532B15 /* SwiftUI.framework */; };
		5B5FC8642F64B32F00532B15 /* BlueberryCamWidgetExtension.appex in Embed Foundation Extensions */ = {isa = PBXBuildFile; fileRef = 5B5FC8512F64B32E00532B15 /* BlueberryCamWidgetExtension.appex */; settings = {ATTRIBUTES = (RemoveHeadersOnCopy, ); }; };
		5BD3EC122F5F6C9400B83A36 /* AGENTS.md in Resources */ = {isa = PBXBuildFile; fileRef = 5BD3EC112F5F6C9400B83A36 /* AGENTS.md */; };
		5BD3EC142F5F6C9500B83A36 /* Journal.md in Resources */ = {isa = PBXBuildFile; fileRef = 5BD3EC132F5F6C9500B83A36 /* Journal.md */; };
/* End PBXBuildFile section */

/* Begin PBXContainerItemProxy section */
		5B5FC8332F648F8E00532B15 /* PBXContainerItemProxy */ = {
			isa = PBXContainerItemProxy;
			containerPortal = 5B3325012F5C7A3200874430 /* Project object */;
			proxyType = 1;
			remoteGlobalIDString = 5B5FC82B2F648F8E00532B15;
			remoteInfo = BlueberryCamCapture;
		};
		5B5FC8622F64B32F00532B15 /* PBXContainerItemProxy */ = {
			isa = PBXContainerItemProxy;
			containerPortal = 5B3325012F5C7A3200874430 /* Project object */;
			proxyType = 1;
			remoteGlobalIDString = 5B5FC8502F64B32E00532B15;
			remoteInfo = BlueberryCamWidgetExtension;
		};
/* End PBXContainerItemProxy section */

/* Begin PBXCopyFilesBuildPhase section */
		5B5FC83A2F648F8E00532B15 /* Embed ExtensionKit Extensions */ = {
			isa = PBXCopyFilesBuildPhase;
			buildActionMask = 2147483647;
			dstPath = "$(EXTENSIONS_FOLDER_PATH)";
			dstSubfolderSpec = 16;
			files = (
				5B5FC8352F648F8E00532B15 /* BlueberryCamCapture.appex in Embed ExtensionKit Extensions */,
			);
			name = "Embed ExtensionKit Extensions";
			runOnlyForDeploymentPostprocessing = 0;
		};
		5B5FC8692F64B32F00532B15 /* Embed Foundation Extensions */ = {
			isa = PBXCopyFilesBuildPhase;
			buildActionMask = 2147483647;
			dstPath = "";
			dstSubfolderSpec = 13;
			files = (
				5B5FC8642F64B32F00532B15 /* BlueberryCamWidgetExtension.appex in Embed Foundation Extensions */,
			);
			name = "Embed Foundation Extensions";
			runOnlyForDeploymentPostprocessing = 0;
		};
/* End PBXCopyFilesBuildPhase section */

/* Begin PBXFileReference section */
		5B3325092F5C7A3200874430 /* Blueberry Cam.app */ = {isa = PBXFileReference; explicitFileType = wrapper.application; includeInIndex = 0; path = "Blueberry Cam.app"; sourceTree = BUILT_PRODUCTS_DIR; };
		5B5FC82C2F648F8E00532B15 /* BlueberryCamCapture.appex */ = {isa = PBXFileReference; explicitFileType = "wrapper.extensionkit-extension"; includeInIndex = 0; path = BlueberryCamCapture.appex; sourceTree = BUILT_PRODUCTS_DIR; };
		5B5FC84B2F64AC3800532B15 /* LockedCameraCapture.framework */ = {isa = PBXFileReference; lastKnownFileType = wrapper.framework; name = LockedCameraCapture.framework; path = System/Library/Frameworks/LockedCameraCapture.framework; sourceTree = SDKROOT; };
		5B5FC8512F64B32E00532B15 /* BlueberryCamWidgetExtension.appex */ = {isa = PBXFileReference; explicitFileType = "wrapper.app-extension"; includeInIndex = 0; path = BlueberryCamWidgetExtension.appex; sourceTree = BUILT_PRODUCTS_DIR; };
		5B5FC8522F64B32E00532B15 /* WidgetKit.framework */ = {isa = PBXFileReference; lastKnownFileType = wrapper.framework; name = WidgetKit.framework; path = System/Library/Frameworks/WidgetKit.framework; sourceTree = SDKROOT; };
		5B5FC8542F64B32E00532B15 /* SwiftUI.framework */ = {isa = PBXFileReference; lastKnownFileType = wrapper.framework; name = SwiftUI.framework; path = System/Library/Frameworks/SwiftUI.framework; sourceTree = SDKROOT; };
		5BD3EC112F5F6C9400B83A36 /* AGENTS.md */ = {isa = PBXFileReference; lastKnownFileType = net.daringfireball.markdown; path = AGENTS.md; sourceTree = "<group>"; };
		5BD3EC132F5F6C9500B83A36 /* Journal.md */ = {isa = PBXFileReference; lastKnownFileType = net.daringfireball.markdown; path = Journal.md; sourceTree = "<group>"; };
/* End PBXFileReference section */

/* Begin PBXFileSystemSynchronizedBuildFileExceptionSet section */
		5B5FC8362F648F8E00532B15 /* Exceptions for "BlueberryCamCapture" folder in "BlueberryCamCapture" target */ = {
			isa = PBXFileSystemSynchronizedBuildFileExceptionSet;
			membershipExceptions = (
				Info.plist,
			);
			target = 5B5FC82B2F648F8E00532B15 /* BlueberryCamCapture */;
		};
		5B5FC8432F64A9D700532B15 /* Exceptions for "Blueberry Cam" folder in "BlueberryCamCapture" target */ = {
			isa = PBXFileSystemSynchronizedBuildFileExceptionSet;
			membershipExceptions = (
				Models/SharedTypes.swift,
				Views/CameraPreviewView.swift,
			);
			target = 5B5FC82B2F648F8E00532B15 /* BlueberryCamCapture */;
		};
		5B5FC8652F64B32F00532B15 /* Exceptions for "BlueberryCamWidget" folder in "BlueberryCamWidgetExtension" target */ = {
			isa = PBXFileSystemSynchronizedBuildFileExceptionSet;
			membershipExceptions = (
				Info.plist,
			);
			target = 5B5FC8502F64B32E00532B15 /* BlueberryCamWidgetExtension */;
		};
		5B5FC8702F64B47200532B15 /* Exceptions for "BlueberryCamWidget" folder in "Blueberry Cam" target */ = {
			isa = PBXFileSystemSynchronizedBuildFileExceptionSet;
			membershipExceptions = (
				BlueberryCamCaptureIntent.swift,
			);
			target = 5B3325082F5C7A3200874430 /* Blueberry Cam */;
		};
		5B5FC8712F64B47200532B15 /* Exceptions for "BlueberryCamWidget" folder in "BlueberryCamCapture" target */ = {
			isa = PBXFileSystemSynchronizedBuildFileExceptionSet;
			membershipExceptions = (
				BlueberryCamCaptureIntent.swift,
			);
			target = 5B5FC82B2F648F8E00532B15 /* BlueberryCamCapture */;
		};
/* End PBXFileSystemSynchronizedBuildFileExceptionSet section */

/* Begin PBXFileSystemSynchronizedRootGroup section */
		5B33250B2F5C7A3200874430 /* Blueberry Cam */ = {
			isa = PBXFileSystemSynchronizedRootGroup;
			exceptions = (
				5B5FC8432F64A9D700532B15 /* Exceptions for "Blueberry Cam" folder in "BlueberryCamCapture" target */,
			);
			path = "Blueberry Cam";
			sourceTree = "<group>";
		};
		5B5FC82D2F648F8E00532B15 /* BlueberryCamCapture */ = {
			isa = PBXFileSystemSynchronizedRootGroup;
			exceptions = (
				5B5FC8362F648F8E00532B15 /* Exceptions for "BlueberryCamCapture" folder in "BlueberryCamCapture" target */,
			);
			path = BlueberryCamCapture;
			sourceTree = "<group>";
		};
		5B5FC8562F64B32E00532B15 /* BlueberryCamWidget */ = {
			isa = PBXFileSystemSynchronizedRootGroup;
			exceptions = (
				5B5FC8702F64B47200532B15 /* Exceptions for "BlueberryCamWidget" folder in "Blueberry Cam" target */,
				5B5FC8712F64B47200532B15 /* Exceptions for "BlueberryCamWidget" folder in "BlueberryCamCapture" target */,
				5B5FC8652F64B32F00532B15 /* Exceptions for "BlueberryCamWidget" folder in "BlueberryCamWidgetExtension" target */,
			);
			path = BlueberryCamWidget;
			sourceTree = "<group>";
		};
/* End PBXFileSystemSynchronizedRootGroup section */

/* Begin PBXFrameworksBuildPhase section */
		5B3325062F5C7A3200874430 /* Frameworks */ = {
			isa = PBXFrameworksBuildPhase;
			buildActionMask = 2147483647;
			files = (
			);
			runOnlyForDeploymentPostprocessing = 0;
		};
		5B5FC8292F648F8E00532B15 /* Frameworks */ = {
			isa = PBXFrameworksBuildPhase;
			buildActionMask = 2147483647;
			files = (
				5B5FC84C2F64AC3800532B15 /* LockedCameraCapture.framework in Frameworks */,
			);
			runOnlyForDeploymentPostprocessing = 0;
		};
		5B5FC84E2F64B32E00532B15 /* Frameworks */ = {
			isa = PBXFrameworksBuildPhase;
			buildActionMask = 2147483647;
			files = (
				5B5FC8552F64B32E00532B15 /* SwiftUI.framework in Frameworks */,
				5B5FC8532F64B32E00532B15 /* WidgetKit.framework in Frameworks */,
			);
			runOnlyForDeploymentPostprocessing = 0;
		};
/* End PBXFrameworksBuildPhase section */

/* Begin PBXGroup section */
		5B3325002F5C7A3200874430 = {
			isa = PBXGroup;
			children = (
				5B33250B2F5C7A3200874430 /* Blueberry Cam */,
				5B5FC82D2F648F8E00532B15 /* BlueberryCamCapture */,
				5B5FC8562F64B32E00532B15 /* BlueberryCamWidget */,
				5B33250A2F5C7A3200874430 /* Products */,
				5BD3EC112F5F6C9400B83A36 /* AGENTS.md */,
				5BD3EC132F5F6C9500B83A36 /* Journal.md */,
				5B5FC84A2F64AC3800532B15 /* Frameworks */,
			);
			sourceTree = "<group>";
		};
		5B33250A2F5C7A3200874430 /* Products */ = {
			isa = PBXGroup;
			children = (
				5B3325092F5C7A3200874430 /* Blueberry Cam.app */,
				5B5FC82C2F648F8E00532B15 /* BlueberryCamCapture.appex */,
				5B5FC8512F64B32E00532B15 /* BlueberryCamWidgetExtension.appex */,
			);
			name = Products;
			sourceTree = "<group>";
		};
		5B5FC84A2F64AC3800532B15 /* Frameworks */ = {
			isa = PBXGroup;
			children = (
				5B5FC84B2F64AC3800532B15 /* LockedCameraCapture.framework */,
				5B5FC8522F64B32E00532B15 /* WidgetKit.framework */,
				5B5FC8542F64B32E00532B15 /* SwiftUI.framework */,
			);
			name = Frameworks;
			sourceTree = "<group>";
		};
/* End PBXGroup section */

/* Begin PBXNativeTarget section */
		5B3325082F5C7A3200874430 /* Blueberry Cam */ = {
			isa = PBXNativeTarget;
			buildConfigurationList = 5B3325142F5C7A3200874430 /* Build configuration list for PBXNativeTarget "Blueberry Cam" */;
			buildPhases = (
				5B3325052F5C7A3200874430 /* Sources */,
				5B3325062F5C7A3200874430 /* Frameworks */,
				5B3325072F5C7A3200874430 /* Resources */,
				5B5FC83A2F648F8E00532B15 /* Embed ExtensionKit Extensions */,
				5B5FC8692F64B32F00532B15 /* Embed Foundation Extensions */,
			);
			buildRules = (
			);
			dependencies = (
				5B5FC8342F648F8E00532B15 /* PBXTargetDependency */,
				5B5FC8632F64B32F00532B15 /* PBXTargetDependency */,
			);
			fileSystemSynchronizedGroups = (
				5B33250B2F5C7A3200874430 /* Blueberry Cam */,
			);
			name = "Blueberry Cam";
			packageProductDependencies = (
			);
			productName = "Blueberry Cam";
			productReference = 5B3325092F5C7A3200874430 /* Blueberry Cam.app */;
			productType = "com.apple.product-type.application";
		};
		5B5FC82B2F648F8E00532B15 /* BlueberryCamCapture */ = {
			isa = PBXNativeTarget;
			buildConfigurationList = 5B5FC8372F648F8E00532B15 /* Build configuration list for PBXNativeTarget "BlueberryCamCapture" */;
			buildPhases = (
				5B5FC8282F648F8E00532B15 /* Sources */,
				5B5FC8292F648F8E00532B15 /* Frameworks */,
				5B5FC82A2F648F8E00532B15 /* Resources */,
			);
			buildRules = (
			);
			dependencies = (
			);
			fileSystemSynchronizedGroups = (
				5B5FC82D2F648F8E00532B15 /* BlueberryCamCapture */,
			);
			name = BlueberryCamCapture;
			packageProductDependencies = (
			);
			productName = BlueberryCamCapture;
			productReference = 5B5FC82C2F648F8E00532B15 /* BlueberryCamCapture.appex */;
			productType = "com.apple.product-type.extensionkit-extension";
		};
		5B5FC8502F64B32E00532B15 /* BlueberryCamWidgetExtension */ = {
			isa = PBXNativeTarget;
			buildConfigurationList = 5B5FC8662F64B32F00532B15 /* Build configuration list for PBXNativeTarget "BlueberryCamWidgetExtension" */;
			buildPhases = (
				5B5FC84D2F64B32E00532B15 /* Sources */,
				5B5FC84E2F64B32E00532B15 /* Frameworks */,
				5B5FC84F2F64B32E00532B15 /* Resources */,
			);
			buildRules = (
			);
			dependencies = (
			);
			fileSystemSynchronizedGroups = (
				5B5FC8562F64B32E00532B15 /* BlueberryCamWidget */,
			);
			name = BlueberryCamWidgetExtension;
			packageProductDependencies = (
			);
			productName = BlueberryCamWidgetExtension;
			productReference = 5B5FC8512F64B32E00532B15 /* BlueberryCamWidgetExtension.appex */;
			productType = "com.apple.product-type.app-extension";
		};
/* End PBXNativeTarget section */

/* Begin PBXProject section */
		5B3325012F5C7A3200874430 /* Project object */ = {
			isa = PBXProject;
			attributes = {
				BuildIndependentTargetsInParallel = 1;
				LastSwiftUpdateCheck = 2630;
				LastUpgradeCheck = 2630;
				TargetAttributes = {
					5B3325082F5C7A3200874430 = {
						CreatedOnToolsVersion = 26.3;
					};
					5B5FC82B2F648F8E00532B15 = {
						CreatedOnToolsVersion = 26.3;
					};
					5B5FC8502F64B32E00532B15 = {
						CreatedOnToolsVersion = 26.3;
					};
				};
			};
			buildConfigurationList = 5B3325042F5C7A3200874430 /* Build configuration list for PBXProject "Blueberry Cam" */;
			developmentRegion = en;
			hasScannedForEncodings = 0;
			knownRegions = (
				en,
				Base,
			);
			mainGroup = 5B3325002F5C7A3200874430;
			minimizedProjectReferenceProxies = 1;
			preferredProjectObjectVersion = 77;
			productRefGroup = 5B33250A2F5C7A3200874430 /* Products */;
			projectDirPath = "";
			projectRoot = "";
			targets = (
				5B3325082F5C7A3200874430 /* Blueberry Cam */,
				5B5FC82B2F648F8E00532B15 /* BlueberryCamCapture */,
				5B5FC8502F64B32E00532B15 /* BlueberryCamWidgetExtension */,
			);
		};
/* End PBXProject section */

/* Begin PBXResourcesBuildPhase section */
		5B3325072F5C7A3200874430 /* Resources */ = {
			isa = PBXResourcesBuildPhase;
			buildActionMask = 2147483647;
			files = (
				5BD3EC122F5F6C9400B83A36 /* AGENTS.md in Resources */,
				5BD3EC142F5F6C9500B83A36 /* Journal.md in Resources */,
			);
			runOnlyForDeploymentPostprocessing = 0;
		};
		5B5FC82A2F648F8E00532B15 /* Resources */ = {
			isa = PBXResourcesBuildPhase;
			buildActionMask = 2147483647;
			files = (
			);
			runOnlyForDeploymentPostprocessing = 0;
		};
		5B5FC84F2F64B32E00532B15 /* Resources */ = {
			isa = PBXResourcesBuildPhase;
			buildActionMask = 2147483647;
			files = (
			);
			runOnlyForDeploymentPostprocessing = 0;
		};
/* End PBXResourcesBuildPhase section */

/* Begin PBXSourcesBuildPhase section */
		5B3325052F5C7A3200874430 /* Sources */ = {
			isa = PBXSourcesBuildPhase;
			buildActionMask = 2147483647;
			files = (
			);
			runOnlyForDeploymentPostprocessing = 0;
		};
		5B5FC8282F648F8E00532B15 /* Sources */ = {
			isa = PBXSourcesBuildPhase;
			buildActionMask = 2147483647;
			files = (
			);
			runOnlyForDeploymentPostprocessing = 0;
		};
		5B5FC84D2F64B32E00532B15 /* Sources */ = {
			isa = PBXSourcesBuildPhase;
			buildActionMask = 2147483647;
			files = (
			);
			runOnlyForDeploymentPostprocessing = 0;
		};
/* End PBXSourcesBuildPhase section */

/* Begin PBXTargetDependency section */
		5B5FC8342F648F8E00532B15 /* PBXTargetDependency */ = {
			isa = PBXTargetDependency;
			target = 5B5FC82B2F648F8E00532B15 /* BlueberryCamCapture */;
			targetProxy = 5B5FC8332F648F8E00532B15 /* PBXContainerItemProxy */;
		};
		5B5FC8632F64B32F00532B15 /* PBXTargetDependency */ = {
			isa = PBXTargetDependency;
			target = 5B5FC8502F64B32E00532B15 /* BlueberryCamWidgetExtension */;
			targetProxy = 5B5FC8622F64B32F00532B15 /* PBXContainerItemProxy */;
		};
/* End PBXTargetDependency section */

/* Begin XCBuildConfiguration section */
		5B3325122F5C7A3200874430 /* Debug */ = {
			isa = XCBuildConfiguration;
			buildSettings = {
				ALWAYS_SEARCH_USER_PATHS = NO;
				ASSETCATALOG_COMPILER_GENERATE_SWIFT_ASSET_SYMBOL_EXTENSIONS = YES;
				CLANG_ANALYZER_NONNULL = YES;
				CLANG_ANALYZER_NUMBER_OBJECT_CONVERSION = YES_AGGRESSIVE;
				CLANG_CXX_LANGUAGE_STANDARD = "gnu++20";
				CLANG_ENABLE_MODULES = YES;
				CLANG_ENABLE_OBJC_ARC = YES;
				CLANG_ENABLE_OBJC_WEAK = YES;
				CLANG_WARN_BLOCK_CAPTURE_AUTORELEASING = YES;
				CLANG_WARN_BOOL_CONVERSION = YES;
				CLANG_WARN_COMMA = YES;
				CLANG_WARN_CONSTANT_CONVERSION = YES;
				CLANG_WARN_DEPRECATED_OBJC_IMPLEMENTATIONS = YES;
				CLANG_WARN_DIRECT_OBJC_ISA_USAGE = YES_ERROR;
				CLANG_WARN_DOCUMENTATION_COMMENTS = YES;
				CLANG_WARN_EMPTY_BODY = YES;
				CLANG_WARN_ENUM_CONVERSION = YES;
				CLANG_WARN_INFINITE_RECURSION = YES;
				CLANG_WARN_INT_CONVERSION = YES;
				CLANG_WARN_NON_LITERAL_NULL_CONVERSION = YES;
				CLANG_WARN_OBJC_IMPLICIT_RETAIN_SELF = YES;
				CLANG_WARN_OBJC_LITERAL_CONVERSION = YES;
				CLANG_WARN_OBJC_ROOT_CLASS = YES_ERROR;
				CLANG_WARN_QUOTED_INCLUDE_IN_FRAMEWORK_HEADER = YES;
				CLANG_WARN_RANGE_LOOP_ANALYSIS = YES;
				CLANG_WARN_STRICT_PROTOTYPES = YES;
				CLANG_WARN_SUSPICIOUS_MOVE = YES;
				CLANG_WARN_UNGUARDED_AVAILABILITY = YES_AGGRESSIVE;
				CLANG_WARN_UNREACHABLE_CODE = YES;
				CLANG_WARN__DUPLICATE_METHOD_MATCH = YES;
				COPY_PHASE_STRIP = NO;
				DEBUG_INFORMATION_FORMAT = dwarf;
				DEVELOPMENT_TEAM = WGJA24P7XU;
				ENABLE_STRICT_OBJC_MSGSEND = YES;
				ENABLE_TESTABILITY = YES;
				ENABLE_USER_SCRIPT_SANDBOXING = YES;
				GCC_C_LANGUAGE_STANDARD = gnu17;
				GCC_DYNAMIC_NO_PIC = NO;
				GCC_NO_COMMON_BLOCKS = YES;
				GCC_OPTIMIZATION_LEVEL = 0;
				GCC_PREPROCESSOR_DEFINITIONS = (
					"DEBUG=1",
					"$(inherited)",
				);
				GCC_WARN_64_TO_32_BIT_CONVERSION = YES;
				GCC_WARN_ABOUT_RETURN_TYPE = YES_ERROR;
				GCC_WARN_UNDECLARED_SELECTOR = YES;
				GCC_WARN_UNINITIALIZED_AUTOS = YES_AGGRESSIVE;
				GCC_WARN_UNUSED_FUNCTION = YES;
				GCC_WARN_UNUSED_VARIABLE = YES;
				IPHONEOS_DEPLOYMENT_TARGET = 26.2;
				LOCALIZATION_PREFERS_STRING_CATALOGS = YES;
				MTL_ENABLE_DEBUG_INFO = INCLUDE_SOURCE;
				MTL_FAST_MATH = YES;
				ONLY_ACTIVE_ARCH = YES;
				SDKROOT = iphoneos;
				SWIFT_ACTIVE_COMPILATION_CONDITIONS = "DEBUG $(inherited)";
				SWIFT_OPTIMIZATION_LEVEL = "-Onone";
			};
			name = Debug;
		};
		5B3325132F5C7A3200874430 /* Release */ = {
			isa = XCBuildConfiguration;
			buildSettings = {
				ALWAYS_SEARCH_USER_PATHS = NO;
				ASSETCATALOG_COMPILER_GENERATE_SWIFT_ASSET_SYMBOL_EXTENSIONS = YES;
				CLANG_ANALYZER_NONNULL = YES;
				CLANG_ANALYZER_NUMBER_OBJECT_CONVERSION = YES_AGGRESSIVE;
				CLANG_CXX_LANGUAGE_STANDARD = "gnu++20";
				CLANG_ENABLE_MODULES = YES;
				CLANG_ENABLE_OBJC_ARC = YES;
				CLANG_ENABLE_OBJC_WEAK = YES;
				CLANG_WARN_BLOCK_CAPTURE_AUTORELEASING = YES;
				CLANG_WARN_BOOL_CONVERSION = YES;
				CLANG_WARN_COMMA = YES;
				CLANG_WARN_CONSTANT_CONVERSION = YES;
				CLANG_WARN_DEPRECATED_OBJC_IMPLEMENTATIONS = YES;
				CLANG_WARN_DIRECT_OBJC_ISA_USAGE = YES_ERROR;
				CLANG_WARN_DOCUMENTATION_COMMENTS = YES;
				CLANG_WARN_EMPTY_BODY = YES;
				CLANG_WARN_ENUM_CONVERSION = YES;
				CLANG_WARN_INFINITE_RECURSION = YES;
				CLANG_WARN_INT_CONVERSION = YES;
				CLANG_WARN_NON_LITERAL_NULL_CONVERSION = YES;
				CLANG_WARN_OBJC_IMPLICIT_RETAIN_SELF = YES;
				CLANG_WARN_OBJC_LITERAL_CONVERSION = YES;
				CLANG_WARN_OBJC_ROOT_CLASS = YES_ERROR;
				CLANG_WARN_QUOTED_INCLUDE_IN_FRAMEWORK_HEADER = YES;
				CLANG_WARN_RANGE_LOOP_ANALYSIS = YES;
				CLANG_WARN_STRICT_PROTOTYPES = YES;
				CLANG_WARN_SUSPICIOUS_MOVE = YES;
				CLANG_WARN_UNGUARDED_AVAILABILITY = YES_AGGRESSIVE;
				CLANG_WARN_UNREACHABLE_CODE = YES;
				CLANG_WARN__DUPLICATE_METHOD_MATCH = YES;
				COPY_PHASE_STRIP = NO;
				DEBUG_INFORMATION_FORMAT = "dwarf-with-dsym";
				DEVELOPMENT_TEAM = WGJA24P7XU;
				ENABLE_NS_ASSERTIONS = NO;
				ENABLE_STRICT_OBJC_MSGSEND = YES;
				ENABLE_USER_SCRIPT_SANDBOXING = YES;
				GCC_C_LANGUAGE_STANDARD = gnu17;
				GCC_NO_COMMON_BLOCKS = YES;
				GCC_WARN_64_TO_32_BIT_CONVERSION = YES;
				GCC_WARN_ABOUT_RETURN_TYPE = YES_ERROR;
				GCC_WARN_UNDECLARED_SELECTOR = YES;
				GCC_WARN_UNINITIALIZED_AUTOS = YES_AGGRESSIVE;
				GCC_WARN_UNUSED_FUNCTION = YES;
				GCC_WARN_UNUSED_VARIABLE = YES;
				IPHONEOS_DEPLOYMENT_TARGET = 26.2;
				LOCALIZATION_PREFERS_STRING_CATALOGS = YES;
				MTL_ENABLE_DEBUG_INFO = NO;
				MTL_FAST_MATH = YES;
				SDKROOT = iphoneos;
				SWIFT_COMPILATION_MODE = wholemodule;
				VALIDATE_PRODUCT = YES;
			};
			name = Release;
		};
		5B3325152F5C7A3200874430 /* Debug */ = {
			isa = XCBuildConfiguration;
			buildSettings = {
				ASSETCATALOG_COMPILER_APPICON_NAME = "BlueberryCam Icon";
				ASSETCATALOG_COMPILER_GLOBAL_ACCENT_COLOR_NAME = AccentColor;
				CODE_SIGN_IDENTITY = "Apple Development";
				CODE_SIGN_STYLE = Automatic;
				CURRENT_PROJECT_VERSION = 1;
				DEVELOPMENT_TEAM = WGJA24P7XU;
				ENABLE_PREVIEWS = YES;
				GENERATE_INFOPLIST_FILE = YES;
				INFOPLIST_FILE = "Blueberry-Cam-Info.plist";
				INFOPLIST_KEY_NSCameraUsageDescription = "To use the camera to take photos.";
				INFOPLIST_KEY_NSLocationWhenInUseUsageDescription = "To geotag the photo with the location where you took the photo.";
				INFOPLIST_KEY_NSPhotoLibraryAddUsageDescription = "To save photos yo your photo library.";
				INFOPLIST_KEY_NSPhotoLibraryUsageDescription = "To access the album to save the photos to.";
				INFOPLIST_KEY_UIApplicationSceneManifest_Generation = YES;
				INFOPLIST_KEY_UIApplicationSupportsIndirectInputEvents = YES;
				INFOPLIST_KEY_UILaunchScreen_Generation = YES;
				INFOPLIST_KEY_UISupportedInterfaceOrientations = UIInterfaceOrientationPortrait;
				INFOPLIST_KEY_UISupportedInterfaceOrientations_iPad = "UIInterfaceOrientationLandscapeLeft UIInterfaceOrientationLandscapeRight UIInterfaceOrientationPortrait UIInterfaceOrientationPortraitUpsideDown";
				LD_RUNPATH_SEARCH_PATHS = (
					"$(inherited)",
					"@executable_path/Frameworks",
				);
				MARKETING_VERSION = 1.0;
				PRODUCT_BUNDLE_IDENTIFIER = "com.jansari.rishi.Blueberry-Cam";
				PRODUCT_NAME = "$(TARGET_NAME)";
				PROVISIONING_PROFILE_SPECIFIER = "";
				STRING_CATALOG_GENERATE_SYMBOLS = YES;
				SWIFT_APPROACHABLE_CONCURRENCY = YES;
				SWIFT_DEFAULT_ACTOR_ISOLATION = MainActor;
				SWIFT_EMIT_LOC_STRINGS = YES;
				SWIFT_UPCOMING_FEATURE_MEMBER_IMPORT_VISIBILITY = YES;
				SWIFT_VERSION = 5.0;
				TARGETED_DEVICE_FAMILY = "1,2";
			};
			name = Debug;
		};
		5B3325162F5C7A3200874430 /* Release */ = {
			isa = XCBuildConfiguration;
			buildSettings = {
				ASSETCATALOG_COMPILER_APPICON_NAME = "BlueberryCam Icon";
				ASSETCATALOG_COMPILER_GLOBAL_ACCENT_COLOR_NAME = AccentColor;
				CODE_SIGN_IDENTITY = "Apple Development";
				CODE_SIGN_STYLE = Automatic;
				CURRENT_PROJECT_VERSION = 1;
				DEVELOPMENT_TEAM = WGJA24P7XU;
				ENABLE_PREVIEWS = YES;
				GENERATE_INFOPLIST_FILE = YES;
				INFOPLIST_FILE = "Blueberry-Cam-Info.plist";
				INFOPLIST_KEY_NSCameraUsageDescription = "To use the camera to take photos.";
				INFOPLIST_KEY_NSLocationWhenInUseUsageDescription = "To geotag the photo with the location where you took the photo.";
				INFOPLIST_KEY_NSPhotoLibraryAddUsageDescription = "To save photos yo your photo library.";
				INFOPLIST_KEY_NSPhotoLibraryUsageDescription = "To access the album to save the photos to.";
				INFOPLIST_KEY_UIApplicationSceneManifest_Generation = YES;
				INFOPLIST_KEY_UIApplicationSupportsIndirectInputEvents = YES;
				INFOPLIST_KEY_UILaunchScreen_Generation = YES;
				INFOPLIST_KEY_UISupportedInterfaceOrientations = UIInterfaceOrientationPortrait;
				INFOPLIST_KEY_UISupportedInterfaceOrientations_iPad = "UIInterfaceOrientationLandscapeLeft UIInterfaceOrientationLandscapeRight UIInterfaceOrientationPortrait UIInterfaceOrientationPortraitUpsideDown";
				LD_RUNPATH_SEARCH_PATHS = (
					"$(inherited)",
					"@executable_path/Frameworks",
				);
				MARKETING_VERSION = 1.0;
				PRODUCT_BUNDLE_IDENTIFIER = "com.jansari.rishi.Blueberry-Cam";
				PRODUCT_NAME = "$(TARGET_NAME)";
				PROVISIONING_PROFILE_SPECIFIER = "";
				STRING_CATALOG_GENERATE_SYMBOLS = YES;
				SWIFT_APPROACHABLE_CONCURRENCY = YES;
				SWIFT_DEFAULT_ACTOR_ISOLATION = MainActor;
				SWIFT_EMIT_LOC_STRINGS = YES;
				SWIFT_UPCOMING_FEATURE_MEMBER_IMPORT_VISIBILITY = YES;
				SWIFT_VERSION = 5.0;
				TARGETED_DEVICE_FAMILY = "1,2";
			};
			name = Release;
		};
		5B5FC8382F648F8E00532B15 /* Debug */ = {
			isa = XCBuildConfiguration;
			buildSettings = {
				CODE_SIGN_IDENTITY = "Apple Development";
				CODE_SIGN_STYLE = Automatic;
				CURRENT_PROJECT_VERSION = 1;
				DEVELOPMENT_TEAM = WGJA24P7XU;
				GENERATE_INFOPLIST_FILE = YES;
				INFOPLIST_FILE = BlueberryCamCapture/Info.plist;
				INFOPLIST_KEY_CFBundleDisplayName = BlueberryCamCapture;
				INFOPLIST_KEY_NSHumanReadableCopyright = "";
				LD_RUNPATH_SEARCH_PATHS = (
					"$(inherited)",
					"@executable_path/Frameworks",
					"@executable_path/../../Frameworks",
				);
				MARKETING_VERSION = 1.0;
				PRODUCT_BUNDLE_IDENTIFIER = "com.jansari.rishi.Blueberry-Cam.BlueberryCamCapture";
				PRODUCT_NAME = "$(TARGET_NAME)";
				SKIP_INSTALL = YES;
				STRING_CATALOG_GENERATE_SYMBOLS = YES;
				SWIFT_APPROACHABLE_CONCURRENCY = YES;
				SWIFT_EMIT_LOC_STRINGS = YES;
				SWIFT_UPCOMING_FEATURE_MEMBER_IMPORT_VISIBILITY = YES;
				SWIFT_VERSION = 5.0;
				TARGETED_DEVICE_FAMILY = "1,2";
			};
			name = Debug;
		};
		5B5FC8392F648F8E00532B15 /* Release */ = {
			isa = XCBuildConfiguration;
			buildSettings = {
				CODE_SIGN_IDENTITY = "Apple Development";
				CODE_SIGN_STYLE = Automatic;
				CURRENT_PROJECT_VERSION = 1;
				DEVELOPMENT_TEAM = WGJA24P7XU;
				GENERATE_INFOPLIST_FILE = YES;
				INFOPLIST_FILE = BlueberryCamCapture/Info.plist;
				INFOPLIST_KEY_CFBundleDisplayName = BlueberryCamCapture;
				INFOPLIST_KEY_NSHumanReadableCopyright = "";
				LD_RUNPATH_SEARCH_PATHS = (
					"$(inherited)",
					"@executable_path/Frameworks",
					"@executable_path/../../Frameworks",
				);
				MARKETING_VERSION = 1.0;
				PRODUCT_BUNDLE_IDENTIFIER = "com.jansari.rishi.Blueberry-Cam.BlueberryCamCapture";
				PRODUCT_NAME = "$(TARGET_NAME)";
				SKIP_INSTALL = YES;
				STRING_CATALOG_GENERATE_SYMBOLS = YES;
				SWIFT_APPROACHABLE_CONCURRENCY = YES;
				SWIFT_EMIT_LOC_STRINGS = YES;
				SWIFT_UPCOMING_FEATURE_MEMBER_IMPORT_VISIBILITY = YES;
				SWIFT_VERSION = 5.0;
				TARGETED_DEVICE_FAMILY = "1,2";
			};
			name = Release;
		};
		5B5FC8672F64B32F00532B15 /* Debug */ = {
			isa = XCBuildConfiguration;
			buildSettings = {
				ASSETCATALOG_COMPILER_GLOBAL_ACCENT_COLOR_NAME = AccentColor;
				ASSETCATALOG_COMPILER_WIDGET_BACKGROUND_COLOR_NAME = WidgetBackground;
				CODE_SIGN_IDENTITY = "Apple Development";
				CODE_SIGN_STYLE = Automatic;
				CURRENT_PROJECT_VERSION = 1;
				DEVELOPMENT_TEAM = WGJA24P7XU;
				GENERATE_INFOPLIST_FILE = YES;
				INFOPLIST_FILE = BlueberryCamWidget/Info.plist;
				INFOPLIST_KEY_CFBundleDisplayName = BlueberryCamWidget;
				INFOPLIST_KEY_NSHumanReadableCopyright = "";
				LD_RUNPATH_SEARCH_PATHS = (
					"$(inherited)",
					"@executable_path/Frameworks",
					"@executable_path/../../Frameworks",
				);
				MARKETING_VERSION = 1.0;
				PRODUCT_BUNDLE_IDENTIFIER = "com.jansari.rishi.Blueberry-Cam.BlueberryCamWidget";
				PRODUCT_NAME = "$(TARGET_NAME)";
				SKIP_INSTALL = YES;
				STRING_CATALOG_GENERATE_SYMBOLS = YES;
				SWIFT_APPROACHABLE_CONCURRENCY = YES;
				SWIFT_EMIT_LOC_STRINGS = YES;
				SWIFT_UPCOMING_FEATURE_MEMBER_IMPORT_VISIBILITY = YES;
				SWIFT_VERSION = 5.0;
				TARGETED_DEVICE_FAMILY = "1,2";
			};
			name = Debug;
		};
		5B5FC8682F64B32F00532B15 /* Release */ = {
			isa = XCBuildConfiguration;
			buildSettings = {
				ASSETCATALOG_COMPILER_GLOBAL_ACCENT_COLOR_NAME = AccentColor;
				ASSETCATALOG_COMPILER_WIDGET_BACKGROUND_COLOR_NAME = WidgetBackground;
				CODE_SIGN_IDENTITY = "Apple Development";
				CODE_SIGN_STYLE = Automatic;
				CURRENT_PROJECT_VERSION = 1;
				DEVELOPMENT_TEAM = WGJA24P7XU;
				GENERATE_INFOPLIST_FILE = YES;
				INFOPLIST_FILE = BlueberryCamWidget/Info.plist;
				INFOPLIST_KEY_CFBundleDisplayName = BlueberryCamWidget;
				INFOPLIST_KEY_NSHumanReadableCopyright = "";
				LD_RUNPATH_SEARCH_PATHS = (
					"$(inherited)",
					"@executable_path/Frameworks",
					"@executable_path/../../Frameworks",
				);
				MARKETING_VERSION = 1.0;
				PRODUCT_BUNDLE_IDENTIFIER = "com.jansari.rishi.Blueberry-Cam.BlueberryCamWidget";
				PRODUCT_NAME = "$(TARGET_NAME)";
				SKIP_INSTALL = YES;
				STRING_CATALOG_GENERATE_SYMBOLS = YES;
				SWIFT_APPROACHABLE_CONCURRENCY = YES;
				SWIFT_EMIT_LOC_STRINGS = YES;
				SWIFT_UPCOMING_FEATURE_MEMBER_IMPORT_VISIBILITY = YES;
				SWIFT_VERSION = 5.0;
				TARGETED_DEVICE_FAMILY = "1,2";
			};
			name = Release;
		};
/* End XCBuildConfiguration section */

/* Begin XCConfigurationList section */
		5B3325042F5C7A3200874430 /* Build configuration list for PBXProject "Blueberry Cam" */ = {
			isa = XCConfigurationList;
			buildConfigurations = (
				5B3325122F5C7A3200874430 /* Debug */,
				5B3325132F5C7A3200874430 /* Release */,
			);
			defaultConfigurationIsVisible = 0;
			defaultConfigurationName = Release;
		};
		5B3325142F5C7A3200874430 /* Build configuration list for PBXNativeTarget "Blueberry Cam" */ = {
			isa = XCConfigurationList;
			buildConfigurations = (
				5B3325152F5C7A3200874430 /* Debug */,
				5B3325162F5C7A3200874430 /* Release */,
			);
			defaultConfigurationIsVisible = 0;
			defaultConfigurationName = Release;
		};
		5B5FC8372F648F8E00532B15 /* Build configuration list for PBXNativeTarget "BlueberryCamCapture" */ = {
			isa = XCConfigurationList;
			buildConfigurations = (
				5B5FC8382F648F8E00532B15 /* Debug */,
				5B5FC8392F648F8E00532B15 /* Release */,
			);
			defaultConfigurationIsVisible = 0;
			defaultConfigurationName = Release;
		};
		5B5FC8662F64B32F00532B15 /* Build configuration list for PBXNativeTarget "BlueberryCamWidgetExtension" */ = {
			isa = XCConfigurationList;
			buildConfigurations = (
				5B5FC8672F64B32F00532B15 /* Debug */,
				5B5FC8682F64B32F00532B15 /* Release */,
			);
			defaultConfigurationIsVisible = 0;
			defaultConfigurationName = Release;
		};
/* End XCConfigurationList section */
	};
	rootObject = 5B3325012F5C7A3200874430 /* Project object */;
}
